
Microsoft Visual Studio Solution File, Format Version 12.00
# Visual Studio Version 16
VisualStudioVersion = 16.0.31321.278
MinimumVisualStudioVersion = 10.0.40219.1
Project("{FAE04EC0-301F-11D3-BF4B-00C04F79EFBC}") = "RestaurantProject", "RestaurantProject\RestaurantProject.csproj", "{632264E3-1BB3-4B6C-B64F-111B9ED92E29}"
EndProject
Global
	GlobalSection(SolutionConfigurationPlatforms) = preSolution
		Debug|Any CPU = Debug|Any CPU
		Release|Any CPU = Release|Any CPU
	EndGlobalSection
	GlobalSection(ProjectConfigurationPlatforms) = postSolution
		{632264E3-1BB3-4B6C-B64F-111B9ED92E29}.Debug|Any CPU.ActiveCfg = Debug|Any CPU
		{632264E3-1BB3-4B6C-B64F-111B9ED92E29}.Debug|Any CPU.Build.0 = Debug|Any CPU
		{632264E3-1BB3-4B6C-B64F-111B9ED92E29}.Release|Any CPU.ActiveCfg = Release|Any CPU
		{632264E3-1BB3-4B6C-B64F-111B9ED92E29}.Release|Any CPU.Build.0 = Release|Any CPU
	EndGlobalSection
	GlobalSection(SolutionProperties) = preSolution
		HideSolutionNode = FALSE
	EndGlobalSection
	GlobalSection(ExtensibilityGlobals) = postSolution
		SolutionGuid = {5B16F787-40F2-453B-B67C-1EADB63392DC}
	EndGlobalSection
EndGlobal
